
Microsoft Visual Studio Solution File, Format Version 12.00
# Visual Studio Version 17
VisualStudioVersion = 17.1.32414.318
MinimumVisualStudioVersion = 10.0.40219.1
Project("{9A19103F-16F7-4668-BE54-9A1E7A4F7556}") = "Eocron.Algorithms", "Algorithm\Eocron.Algorithms.csproj", "{24865395-8D2A-4CFB-AD75-D4BB0DDFF310}"
EndProject
Project("{2150E333-8FDC-42A3-9474-1A3956D46DE8}") = "Misc", "Misc", "{1DA5EA29-2A76-4663-916A-511884213110}"
	ProjectSection(SolutionItems) = preProject
		.gitattributes = .gitattributes
		.gitignore = .gitignore
		LICENSE.txt = LICENSE.txt
	EndProjectSection
EndProject
Project("{9A19103F-16F7-4668-BE54-9A1E7A4F7556}") = "NTests", "NTests\NTests.csproj", "{D7B5517E-1C02-41E0-A9A9-57D8E7347264}"
EndProject
Project("{2150E333-8FDC-42A3-9474-1A3956D46DE8}") = "Worflows", "Worflows", "{61765402-573B-4468-A644-7D3BD90BF453}"
	ProjectSection(SolutionItems) = preProject
		.github\workflows\build_and_test.yml = .github\workflows\build_and_test.yml
		.github\workflows\publish_algorithm.yml = .github\workflows\publish_algorithm.yml
		.github\workflows\publish_serialization.yml = .github\workflows\publish_serialization.yml
	EndProjectSection
EndProject
Project("{9A19103F-16F7-4668-BE54-9A1E7A4F7556}") = "Eocron.Serialization", "Eocron.Serialization\Eocron.Serialization.csproj", "{01F9F247-3250-4FAB-914A-15BCE9950290}"
EndProject
Project("{9A19103F-16F7-4668-BE54-9A1E7A4F7556}") = "Eocron.Serialization.Tests", "Eocron.Serialization.Tests\Eocron.Serialization.Tests.csproj", "{FBFAF81A-BA7D-4A17-A059-C7439D597739}"
EndProject
Global
	GlobalSection(SolutionConfigurationPlatforms) = preSolution
		Debug|Any CPU = Debug|Any CPU
		Release|Any CPU = Release|Any CPU
	EndGlobalSection
	GlobalSection(ProjectConfigurationPlatforms) = postSolution
		{24865395-8D2A-4CFB-AD75-D4BB0DDFF310}.Debug|Any CPU.ActiveCfg = Debug|Any CPU
		{24865395-8D2A-4CFB-AD75-D4BB0DDFF310}.Debug|Any CPU.Build.0 = Debug|Any CPU
		{24865395-8D2A-4CFB-AD75-D4BB0DDFF310}.Release|Any CPU.ActiveCfg = Release|Any CPU
		{24865395-8D2A-4CFB-AD75-D4BB0DDFF310}.Release|Any CPU.Build.0 = Release|Any CPU
		{D7B5517E-1C02-41E0-A9A9-57D8E7347264}.Debug|Any CPU.ActiveCfg = Debug|Any CPU
		{D7B5517E-1C02-41E0-A9A9-57D8E7347264}.Debug|Any CPU.Build.0 = Debug|Any CPU
		{D7B5517E-1C02-41E0-A9A9-57D8E7347264}.Release|Any CPU.ActiveCfg = Release|Any CPU
		{D7B5517E-1C02-41E0-A9A9-57D8E7347264}.Release|Any CPU.Build.0 = Release|Any CPU
		{01F9F247-3250-4FAB-914A-15BCE9950290}.Debug|Any CPU.ActiveCfg = Debug|Any CPU
		{01F9F247-3250-4FAB-914A-15BCE9950290}.Debug|Any CPU.Build.0 = Debug|Any CPU
		{01F9F247-3250-4FAB-914A-15BCE9950290}.Release|Any CPU.ActiveCfg = Release|Any CPU
		{01F9F247-3250-4FAB-914A-15BCE9950290}.Release|Any CPU.Build.0 = Release|Any CPU
		{FBFAF81A-BA7D-4A17-A059-C7439D597739}.Debug|Any CPU.ActiveCfg = Debug|Any CPU
		{FBFAF81A-BA7D-4A17-A059-C7439D597739}.Debug|Any CPU.Build.0 = Debug|Any CPU
		{FBFAF81A-BA7D-4A17-A059-C7439D597739}.Release|Any CPU.ActiveCfg = Release|Any CPU
		{FBFAF81A-BA7D-4A17-A059-C7439D597739}.Release|Any CPU.Build.0 = Release|Any CPU
	EndGlobalSection
	GlobalSection(SolutionProperties) = preSolution
		HideSolutionNode = FALSE
	EndGlobalSection
	GlobalSection(NestedProjects) = preSolution
		{61765402-573B-4468-A644-7D3BD90BF453} = {1DA5EA29-2A76-4663-916A-511884213110}
	EndGlobalSection
	GlobalSection(ExtensibilityGlobals) = postSolution
		SolutionGuid = {63EFCA1D-9D5F-4CD1-B2EB-A6176645E598}
	EndGlobalSection
EndGlobal
