
Microsoft Visual Studio Solution File, Format Version 12.00
# Visual Studio Version 17
VisualStudioVersion = 17.1.32414.318
MinimumVisualStudioVersion = 10.0.40219.1
Project("{9A19103F-16F7-4668-BE54-9A1E7A4F7556}") = "Eocron.Algorithms", "Eocron.Algorithms\Eocron.Algorithms.csproj", "{24865395-8D2A-4CFB-AD75-D4BB0DDFF310}"
EndProject
Project("{2150E333-8FDC-42A3-9474-1A3956D46DE8}") = "Misc", "Misc", "{1DA5EA29-2A76-4663-916A-511884213110}"
	ProjectSection(SolutionItems) = preProject
		.gitattributes = .gitattributes
		.gitignore = .gitignore
		LICENSE.txt = LICENSE.txt
		Directory.Packages.props = Directory.Packages.props
		Directory.Build.props = Directory.Build.props
	EndProjectSection
EndProject
Project("{9A19103F-16F7-4668-BE54-9A1E7A4F7556}") = "Eocron.Algorithms.Tests", "Eocron.Algorithms.Tests\Eocron.Algorithms.Tests.csproj", "{D7B5517E-1C02-41E0-A9A9-57D8E7347264}"
EndProject
Project("{2150E333-8FDC-42A3-9474-1A3956D46DE8}") = "Worflows", "Worflows", "{61765402-573B-4468-A644-7D3BD90BF453}"
	ProjectSection(SolutionItems) = preProject
		.github\workflows\build_and_test.yml = .github\workflows\build_and_test.yml
		.github\workflows\publish_algorithm.yml = .github\workflows\publish_algorithm.yml
		.github\workflows\publish_serialization.yml = .github\workflows\publish_serialization.yml
	EndProjectSection
EndProject
Project("{9A19103F-16F7-4668-BE54-9A1E7A4F7556}") = "Eocron.Serialization", "Eocron.Serialization\Eocron.Serialization.csproj", "{01F9F247-3250-4FAB-914A-15BCE9950290}"
EndProject
Project("{9A19103F-16F7-4668-BE54-9A1E7A4F7556}") = "Eocron.Serialization.Tests", "Eocron.Serialization.Tests\Eocron.Serialization.Tests.csproj", "{FBFAF81A-BA7D-4A17-A059-C7439D597739}"
EndProject
Project("{2150E333-8FDC-42A3-9474-1A3956D46DE8}") = "Algorithms", "Algorithms", "{695B425A-C903-45FC-A251-A72DDABCBE1F}"
EndProject
Project("{2150E333-8FDC-42A3-9474-1A3956D46DE8}") = "Serialization", "Serialization", "{DA81F4C9-103F-4A4F-A898-20DF70235B3B}"
EndProject
Project("{2150E333-8FDC-42A3-9474-1A3956D46DE8}") = "Tests", "Tests", "{BC430B21-341B-4A2F-954A-65E927B5CCDF}"
EndProject
Project("{2150E333-8FDC-42A3-9474-1A3956D46DE8}") = "Tests", "Tests", "{3CE066D6-5F6D-4F81-B984-E07280FF59D8}"
EndProject
Project("{FAE04EC0-301F-11D3-BF4B-00C04F79EFBC}") = "Eocron.RoaringBitmaps", "Eocron.RoaringBitmaps\Eocron.RoaringBitmaps.csproj", "{3BD766A6-CB46-4C27-8EE2-60F256BDFD11}"
EndProject
Project("{FAE04EC0-301F-11D3-BF4B-00C04F79EFBC}") = "Eocron.RoaringBitmaps.Tests", "Eocron.RoaringBitmaps.Tests\Eocron.RoaringBitmaps.Tests.csproj", "{6B1858AF-AEB7-489B-8E9C-1E91BB8C1D17}"
EndProject
Project("{2150E333-8FDC-42A3-9474-1A3956D46DE8}") = "Bitmaps", "Bitmaps", "{D8DFE261-06A9-42FF-8EFB-C95D0180A35B}"
EndProject
Project("{2150E333-8FDC-42A3-9474-1A3956D46DE8}") = "Tests", "Tests", "{16D7A3A2-C1F1-47ED-85EA-5EDBC733E0A9}"
EndProject
Project("{2150E333-8FDC-42A3-9474-1A3956D46DE8}") = "Security", "Security", "{12F98C82-63D1-4810-A53A-C8311F1E66DB}"
EndProject
Project("{FAE04EC0-301F-11D3-BF4B-00C04F79EFBC}") = "Eocron.Security", "Eocron.Security\Eocron.Security.csproj", "{DCB1F092-0B93-45B3-997E-6C0EA423563D}"
EndProject
Project("{2150E333-8FDC-42A3-9474-1A3956D46DE8}") = "Tests", "Tests", "{CDF5C4B6-48FE-4341-9A06-C9A122DD5B2B}"
EndProject
Project("{FAE04EC0-301F-11D3-BF4B-00C04F79EFBC}") = "Eocron.Serialization.Tests", "Eocron.Security.Tests\Eocron.Serialization.Tests.csproj", "{F8D0DE3A-75EF-40AA-AC2F-63A3D62E5A5C}"
EndProject
Global
	GlobalSection(SolutionConfigurationPlatforms) = preSolution
		Debug|Any CPU = Debug|Any CPU
		Release|Any CPU = Release|Any CPU
	EndGlobalSection
	GlobalSection(ProjectConfigurationPlatforms) = postSolution
		{24865395-8D2A-4CFB-AD75-D4BB0DDFF310}.Debug|Any CPU.ActiveCfg = Debug|Any CPU
		{24865395-8D2A-4CFB-AD75-D4BB0DDFF310}.Debug|Any CPU.Build.0 = Debug|Any CPU
		{24865395-8D2A-4CFB-AD75-D4BB0DDFF310}.Release|Any CPU.ActiveCfg = Release|Any CPU
		{24865395-8D2A-4CFB-AD75-D4BB0DDFF310}.Release|Any CPU.Build.0 = Release|Any CPU
		{D7B5517E-1C02-41E0-A9A9-57D8E7347264}.Debug|Any CPU.ActiveCfg = Debug|Any CPU
		{D7B5517E-1C02-41E0-A9A9-57D8E7347264}.Debug|Any CPU.Build.0 = Debug|Any CPU
		{D7B5517E-1C02-41E0-A9A9-57D8E7347264}.Release|Any CPU.ActiveCfg = Release|Any CPU
		{D7B5517E-1C02-41E0-A9A9-57D8E7347264}.Release|Any CPU.Build.0 = Release|Any CPU
		{01F9F247-3250-4FAB-914A-15BCE9950290}.Debug|Any CPU.ActiveCfg = Debug|Any CPU
		{01F9F247-3250-4FAB-914A-15BCE9950290}.Debug|Any CPU.Build.0 = Debug|Any CPU
		{01F9F247-3250-4FAB-914A-15BCE9950290}.Release|Any CPU.ActiveCfg = Release|Any CPU
		{01F9F247-3250-4FAB-914A-15BCE9950290}.Release|Any CPU.Build.0 = Release|Any CPU
		{FBFAF81A-BA7D-4A17-A059-C7439D597739}.Debug|Any CPU.ActiveCfg = Debug|Any CPU
		{FBFAF81A-BA7D-4A17-A059-C7439D597739}.Debug|Any CPU.Build.0 = Debug|Any CPU
		{FBFAF81A-BA7D-4A17-A059-C7439D597739}.Release|Any CPU.ActiveCfg = Release|Any CPU
		{FBFAF81A-BA7D-4A17-A059-C7439D597739}.Release|Any CPU.Build.0 = Release|Any CPU
		{3BD766A6-CB46-4C27-8EE2-60F256BDFD11}.Debug|Any CPU.ActiveCfg = Debug|Any CPU
		{3BD766A6-CB46-4C27-8EE2-60F256BDFD11}.Debug|Any CPU.Build.0 = Debug|Any CPU
		{3BD766A6-CB46-4C27-8EE2-60F256BDFD11}.Release|Any CPU.ActiveCfg = Release|Any CPU
		{3BD766A6-CB46-4C27-8EE2-60F256BDFD11}.Release|Any CPU.Build.0 = Release|Any CPU
		{6B1858AF-AEB7-489B-8E9C-1E91BB8C1D17}.Debug|Any CPU.ActiveCfg = Debug|Any CPU
		{6B1858AF-AEB7-489B-8E9C-1E91BB8C1D17}.Debug|Any CPU.Build.0 = Debug|Any CPU
		{6B1858AF-AEB7-489B-8E9C-1E91BB8C1D17}.Release|Any CPU.ActiveCfg = Release|Any CPU
		{6B1858AF-AEB7-489B-8E9C-1E91BB8C1D17}.Release|Any CPU.Build.0 = Release|Any CPU
		{DCB1F092-0B93-45B3-997E-6C0EA423563D}.Debug|Any CPU.ActiveCfg = Debug|Any CPU
		{DCB1F092-0B93-45B3-997E-6C0EA423563D}.Debug|Any CPU.Build.0 = Debug|Any CPU
		{DCB1F092-0B93-45B3-997E-6C0EA423563D}.Release|Any CPU.ActiveCfg = Release|Any CPU
		{DCB1F092-0B93-45B3-997E-6C0EA423563D}.Release|Any CPU.Build.0 = Release|Any CPU
		{F8D0DE3A-75EF-40AA-AC2F-63A3D62E5A5C}.Debug|Any CPU.ActiveCfg = Debug|Any CPU
		{F8D0DE3A-75EF-40AA-AC2F-63A3D62E5A5C}.Debug|Any CPU.Build.0 = Debug|Any CPU
		{F8D0DE3A-75EF-40AA-AC2F-63A3D62E5A5C}.Release|Any CPU.ActiveCfg = Release|Any CPU
		{F8D0DE3A-75EF-40AA-AC2F-63A3D62E5A5C}.Release|Any CPU.Build.0 = Release|Any CPU
	EndGlobalSection
	GlobalSection(SolutionProperties) = preSolution
		HideSolutionNode = FALSE
	EndGlobalSection
	GlobalSection(NestedProjects) = preSolution
		{24865395-8D2A-4CFB-AD75-D4BB0DDFF310} = {695B425A-C903-45FC-A251-A72DDABCBE1F}
		{D7B5517E-1C02-41E0-A9A9-57D8E7347264} = {BC430B21-341B-4A2F-954A-65E927B5CCDF}
		{61765402-573B-4468-A644-7D3BD90BF453} = {1DA5EA29-2A76-4663-916A-511884213110}
		{01F9F247-3250-4FAB-914A-15BCE9950290} = {DA81F4C9-103F-4A4F-A898-20DF70235B3B}
		{FBFAF81A-BA7D-4A17-A059-C7439D597739} = {3CE066D6-5F6D-4F81-B984-E07280FF59D8}
		{BC430B21-341B-4A2F-954A-65E927B5CCDF} = {695B425A-C903-45FC-A251-A72DDABCBE1F}
		{3CE066D6-5F6D-4F81-B984-E07280FF59D8} = {DA81F4C9-103F-4A4F-A898-20DF70235B3B}
		{3BD766A6-CB46-4C27-8EE2-60F256BDFD11} = {D8DFE261-06A9-42FF-8EFB-C95D0180A35B}
		{16D7A3A2-C1F1-47ED-85EA-5EDBC733E0A9} = {D8DFE261-06A9-42FF-8EFB-C95D0180A35B}
		{6B1858AF-AEB7-489B-8E9C-1E91BB8C1D17} = {16D7A3A2-C1F1-47ED-85EA-5EDBC733E0A9}
		{DCB1F092-0B93-45B3-997E-6C0EA423563D} = {12F98C82-63D1-4810-A53A-C8311F1E66DB}
		{CDF5C4B6-48FE-4341-9A06-C9A122DD5B2B} = {12F98C82-63D1-4810-A53A-C8311F1E66DB}
		{F8D0DE3A-75EF-40AA-AC2F-63A3D62E5A5C} = {CDF5C4B6-48FE-4341-9A06-C9A122DD5B2B}
	EndGlobalSection
	GlobalSection(ExtensibilityGlobals) = postSolution
		SolutionGuid = {63EFCA1D-9D5F-4CD1-B2EB-A6176645E598}
	EndGlobalSection
EndGlobal
