
Microsoft Visual Studio Solution File, Format Version 12.00
# Visual Studio Version 17
VisualStudioVersion = 17.1.32414.318
MinimumVisualStudioVersion = 10.0.40219.1
Project("{9A19103F-16F7-4668-BE54-9A1E7A4F7556}") = "Eocron.Algorithms", "Eocron.Algorithms\Eocron.Algorithms.csproj", "{24865395-8D2A-4CFB-AD75-D4BB0DDFF310}"
EndProject
Project("{2150E333-8FDC-42A3-9474-1A3956D46DE8}") = "Misc", "Misc", "{1DA5EA29-2A76-4663-916A-511884213110}"
	ProjectSection(SolutionItems) = preProject
		.gitattributes = .gitattributes
		.gitignore = .gitignore
		LICENSE.txt = LICENSE.txt
		Directory.Packages.props = Directory.Packages.props
		Directory.Build.props = Directory.Build.props
		racoon.png = racoon.png
	EndProjectSection
EndProject
Project("{9A19103F-16F7-4668-BE54-9A1E7A4F7556}") = "Eocron.Algorithms.Tests", "Eocron.Algorithms.Tests\Eocron.Algorithms.Tests.csproj", "{D7B5517E-1C02-41E0-A9A9-57D8E7347264}"
EndProject
Project("{2150E333-8FDC-42A3-9474-1A3956D46DE8}") = "Worflows", "Worflows", "{61765402-573B-4468-A644-7D3BD90BF453}"
	ProjectSection(SolutionItems) = preProject
		.github\workflows\build_and_test.yml = .github\workflows\build_and_test.yml
		.github\workflows\publish_nuget.yml = .github\workflows\publish_nuget.yml
	EndProjectSection
EndProject
Project("{9A19103F-16F7-4668-BE54-9A1E7A4F7556}") = "Eocron.Serialization", "Eocron.Serialization\Eocron.Serialization.csproj", "{01F9F247-3250-4FAB-914A-15BCE9950290}"
EndProject
Project("{9A19103F-16F7-4668-BE54-9A1E7A4F7556}") = "Eocron.Serialization.Tests", "Eocron.Serialization.Tests\Eocron.Serialization.Tests.csproj", "{FBFAF81A-BA7D-4A17-A059-C7439D597739}"
EndProject
Project("{2150E333-8FDC-42A3-9474-1A3956D46DE8}") = "Algorithms", "Algorithms", "{695B425A-C903-45FC-A251-A72DDABCBE1F}"
EndProject
Project("{2150E333-8FDC-42A3-9474-1A3956D46DE8}") = "Serialization", "Serialization", "{DA81F4C9-103F-4A4F-A898-20DF70235B3B}"
EndProject
Project("{2150E333-8FDC-42A3-9474-1A3956D46DE8}") = "Tests", "Tests", "{BC430B21-341B-4A2F-954A-65E927B5CCDF}"
EndProject
Project("{2150E333-8FDC-42A3-9474-1A3956D46DE8}") = "Tests", "Tests", "{3CE066D6-5F6D-4F81-B984-E07280FF59D8}"
EndProject
Project("{FAE04EC0-301F-11D3-BF4B-00C04F79EFBC}") = "Eocron.Serialization.Security", "Eocron.Serialization.Security\Eocron.Serialization.Security.csproj", "{7C6B2ACE-17A7-4397-8DEB-5EF370F80889}"
EndProject
Project("{FAE04EC0-301F-11D3-BF4B-00C04F79EFBC}") = "Eocron.Serialization.PerformanceTests", "Eocron.Serialization.PerformanceTests\Eocron.Serialization.PerformanceTests.csproj", "{E249BF77-7AA9-400B-A8E0-8BE20A6836F0}"
EndProject
Project("{FAE04EC0-301F-11D3-BF4B-00C04F79EFBC}") = "Eocron.NetCore.Serialization.Security", "Eocron.NetCore.Serialization.Security\Eocron.NetCore.Serialization.Security.csproj", "{5671AAB6-D100-4A2F-88B7-22A93D25C0EB}"
EndProject
Project("{FAE04EC0-301F-11D3-BF4B-00C04F79EFBC}") = "Eocron.NetCore.Serialization.Tests", "Eocron.NetCore.Serialization.Tests\Eocron.NetCore.Serialization.Tests.csproj", "{45B33EFB-7E55-4CBE-9C35-8157310C9A06}"
EndProject
Project("{2150E333-8FDC-42A3-9474-1A3956D46DE8}") = "Validation", "Validation", "{E360FBAB-527A-47F3-BEFB-ACC28AF9AD4C}"
EndProject
Project("{2150E333-8FDC-42A3-9474-1A3956D46DE8}") = "Tests", "Tests", "{D22240EA-5B09-49B0-A55D-1189D0022A7C}"
EndProject
Project("{FAE04EC0-301F-11D3-BF4B-00C04F79EFBC}") = "Eocron.Validation.Tests", "Eocron.Validation.Tests\Eocron.Validation.Tests.csproj", "{896A7E26-709C-466C-A063-71355E2E25BE}"
EndProject
Project("{FAE04EC0-301F-11D3-BF4B-00C04F79EFBC}") = "Eocron.Validation", "Eocron.Validation\Eocron.Validation.csproj", "{A16362F9-7273-452B-9EC2-6BBEA71DE039}"
EndProject
Project("{FAE04EC0-301F-11D3-BF4B-00C04F79EFBC}") = "Eocron.Serialization.Protobuf", "Eocron.Serialization.Protobuf\Eocron.Serialization.Protobuf.csproj", "{492A79E6-0E6C-4877-A143-CE77FA9CE7AD}"
EndProject
Project("{FAE04EC0-301F-11D3-BF4B-00C04F79EFBC}") = "Eocron.Serialization.Json", "Eocron.Serialization.Json\Eocron.Serialization.Json.csproj", "{077FD92A-AF4E-43D1-A99F-B607173F0AAD}"
EndProject
Project("{FAE04EC0-301F-11D3-BF4B-00C04F79EFBC}") = "Eocron.Serialization.Xml", "Eocron.Serialization.Xml\Eocron.Serialization.Xml.csproj", "{9FF8031F-7A6E-4DF0-81D9-CFA5FC0E2EE5}"
EndProject
Project("{FAE04EC0-301F-11D3-BF4B-00C04F79EFBC}") = "Eocron.Serialization.Yaml", "Eocron.Serialization.Yaml\Eocron.Serialization.Yaml.csproj", "{CD5DA86F-D6F9-4439-AD57-945C7598982B}"
EndProject
Project("{2150E333-8FDC-42A3-9474-1A3956D46DE8}") = "AoP", "AoP", "{6B04B3DD-0EE6-4277-97F6-B701F6E200E8}"
EndProject
Project("{FAE04EC0-301F-11D3-BF4B-00C04F79EFBC}") = "Eocron.Aspects", "Eocron.Aspects\Eocron.Aspects.csproj", "{3872D4D0-30BC-4946-BCC5-4D2965D7516B}"
EndProject
Project("{FAE04EC0-301F-11D3-BF4B-00C04F79EFBC}") = "Eocron.Aspects.Tests", "Eocron.Aspects.Tests\Eocron.Aspects.Tests.csproj", "{C8D6A178-0029-4515-B6C8-9073CE7C2439}"
EndProject
Global
	GlobalSection(SolutionConfigurationPlatforms) = preSolution
		Debug|Any CPU = Debug|Any CPU
		Release|Any CPU = Release|Any CPU
	EndGlobalSection
	GlobalSection(ProjectConfigurationPlatforms) = postSolution
		{24865395-8D2A-4CFB-AD75-D4BB0DDFF310}.Debug|Any CPU.ActiveCfg = Debug|Any CPU
		{24865395-8D2A-4CFB-AD75-D4BB0DDFF310}.Debug|Any CPU.Build.0 = Debug|Any CPU
		{24865395-8D2A-4CFB-AD75-D4BB0DDFF310}.Release|Any CPU.ActiveCfg = Release|Any CPU
		{24865395-8D2A-4CFB-AD75-D4BB0DDFF310}.Release|Any CPU.Build.0 = Release|Any CPU
		{D7B5517E-1C02-41E0-A9A9-57D8E7347264}.Debug|Any CPU.ActiveCfg = Debug|Any CPU
		{D7B5517E-1C02-41E0-A9A9-57D8E7347264}.Debug|Any CPU.Build.0 = Debug|Any CPU
		{D7B5517E-1C02-41E0-A9A9-57D8E7347264}.Release|Any CPU.ActiveCfg = Release|Any CPU
		{D7B5517E-1C02-41E0-A9A9-57D8E7347264}.Release|Any CPU.Build.0 = Release|Any CPU
		{01F9F247-3250-4FAB-914A-15BCE9950290}.Debug|Any CPU.ActiveCfg = Debug|Any CPU
		{01F9F247-3250-4FAB-914A-15BCE9950290}.Debug|Any CPU.Build.0 = Debug|Any CPU
		{01F9F247-3250-4FAB-914A-15BCE9950290}.Release|Any CPU.ActiveCfg = Release|Any CPU
		{01F9F247-3250-4FAB-914A-15BCE9950290}.Release|Any CPU.Build.0 = Release|Any CPU
		{FBFAF81A-BA7D-4A17-A059-C7439D597739}.Debug|Any CPU.ActiveCfg = Debug|Any CPU
		{FBFAF81A-BA7D-4A17-A059-C7439D597739}.Debug|Any CPU.Build.0 = Debug|Any CPU
		{FBFAF81A-BA7D-4A17-A059-C7439D597739}.Release|Any CPU.ActiveCfg = Release|Any CPU
		{FBFAF81A-BA7D-4A17-A059-C7439D597739}.Release|Any CPU.Build.0 = Release|Any CPU
		{7C6B2ACE-17A7-4397-8DEB-5EF370F80889}.Debug|Any CPU.ActiveCfg = Debug|Any CPU
		{7C6B2ACE-17A7-4397-8DEB-5EF370F80889}.Debug|Any CPU.Build.0 = Debug|Any CPU
		{7C6B2ACE-17A7-4397-8DEB-5EF370F80889}.Release|Any CPU.ActiveCfg = Release|Any CPU
		{7C6B2ACE-17A7-4397-8DEB-5EF370F80889}.Release|Any CPU.Build.0 = Release|Any CPU
		{E249BF77-7AA9-400B-A8E0-8BE20A6836F0}.Debug|Any CPU.ActiveCfg = Debug|Any CPU
		{E249BF77-7AA9-400B-A8E0-8BE20A6836F0}.Debug|Any CPU.Build.0 = Debug|Any CPU
		{E249BF77-7AA9-400B-A8E0-8BE20A6836F0}.Release|Any CPU.ActiveCfg = Release|Any CPU
		{E249BF77-7AA9-400B-A8E0-8BE20A6836F0}.Release|Any CPU.Build.0 = Release|Any CPU
		{5671AAB6-D100-4A2F-88B7-22A93D25C0EB}.Debug|Any CPU.ActiveCfg = Debug|Any CPU
		{5671AAB6-D100-4A2F-88B7-22A93D25C0EB}.Debug|Any CPU.Build.0 = Debug|Any CPU
		{5671AAB6-D100-4A2F-88B7-22A93D25C0EB}.Release|Any CPU.ActiveCfg = Release|Any CPU
		{5671AAB6-D100-4A2F-88B7-22A93D25C0EB}.Release|Any CPU.Build.0 = Release|Any CPU
		{45B33EFB-7E55-4CBE-9C35-8157310C9A06}.Debug|Any CPU.ActiveCfg = Debug|Any CPU
		{45B33EFB-7E55-4CBE-9C35-8157310C9A06}.Debug|Any CPU.Build.0 = Debug|Any CPU
		{45B33EFB-7E55-4CBE-9C35-8157310C9A06}.Release|Any CPU.ActiveCfg = Release|Any CPU
		{45B33EFB-7E55-4CBE-9C35-8157310C9A06}.Release|Any CPU.Build.0 = Release|Any CPU
		{896A7E26-709C-466C-A063-71355E2E25BE}.Debug|Any CPU.ActiveCfg = Debug|Any CPU
		{896A7E26-709C-466C-A063-71355E2E25BE}.Debug|Any CPU.Build.0 = Debug|Any CPU
		{896A7E26-709C-466C-A063-71355E2E25BE}.Release|Any CPU.ActiveCfg = Release|Any CPU
		{896A7E26-709C-466C-A063-71355E2E25BE}.Release|Any CPU.Build.0 = Release|Any CPU
		{A16362F9-7273-452B-9EC2-6BBEA71DE039}.Debug|Any CPU.ActiveCfg = Debug|Any CPU
		{A16362F9-7273-452B-9EC2-6BBEA71DE039}.Debug|Any CPU.Build.0 = Debug|Any CPU
		{A16362F9-7273-452B-9EC2-6BBEA71DE039}.Release|Any CPU.ActiveCfg = Release|Any CPU
		{A16362F9-7273-452B-9EC2-6BBEA71DE039}.Release|Any CPU.Build.0 = Release|Any CPU
		{492A79E6-0E6C-4877-A143-CE77FA9CE7AD}.Debug|Any CPU.ActiveCfg = Debug|Any CPU
		{492A79E6-0E6C-4877-A143-CE77FA9CE7AD}.Debug|Any CPU.Build.0 = Debug|Any CPU
		{492A79E6-0E6C-4877-A143-CE77FA9CE7AD}.Release|Any CPU.ActiveCfg = Release|Any CPU
		{492A79E6-0E6C-4877-A143-CE77FA9CE7AD}.Release|Any CPU.Build.0 = Release|Any CPU
		{077FD92A-AF4E-43D1-A99F-B607173F0AAD}.Debug|Any CPU.ActiveCfg = Debug|Any CPU
		{077FD92A-AF4E-43D1-A99F-B607173F0AAD}.Debug|Any CPU.Build.0 = Debug|Any CPU
		{077FD92A-AF4E-43D1-A99F-B607173F0AAD}.Release|Any CPU.ActiveCfg = Release|Any CPU
		{077FD92A-AF4E-43D1-A99F-B607173F0AAD}.Release|Any CPU.Build.0 = Release|Any CPU
		{9FF8031F-7A6E-4DF0-81D9-CFA5FC0E2EE5}.Debug|Any CPU.ActiveCfg = Debug|Any CPU
		{9FF8031F-7A6E-4DF0-81D9-CFA5FC0E2EE5}.Debug|Any CPU.Build.0 = Debug|Any CPU
		{9FF8031F-7A6E-4DF0-81D9-CFA5FC0E2EE5}.Release|Any CPU.ActiveCfg = Release|Any CPU
		{9FF8031F-7A6E-4DF0-81D9-CFA5FC0E2EE5}.Release|Any CPU.Build.0 = Release|Any CPU
		{CD5DA86F-D6F9-4439-AD57-945C7598982B}.Debug|Any CPU.ActiveCfg = Debug|Any CPU
		{CD5DA86F-D6F9-4439-AD57-945C7598982B}.Debug|Any CPU.Build.0 = Debug|Any CPU
		{CD5DA86F-D6F9-4439-AD57-945C7598982B}.Release|Any CPU.ActiveCfg = Release|Any CPU
		{CD5DA86F-D6F9-4439-AD57-945C7598982B}.Release|Any CPU.Build.0 = Release|Any CPU
		{3872D4D0-30BC-4946-BCC5-4D2965D7516B}.Debug|Any CPU.ActiveCfg = Debug|Any CPU
		{3872D4D0-30BC-4946-BCC5-4D2965D7516B}.Debug|Any CPU.Build.0 = Debug|Any CPU
		{3872D4D0-30BC-4946-BCC5-4D2965D7516B}.Release|Any CPU.ActiveCfg = Release|Any CPU
		{3872D4D0-30BC-4946-BCC5-4D2965D7516B}.Release|Any CPU.Build.0 = Release|Any CPU
		{C8D6A178-0029-4515-B6C8-9073CE7C2439}.Debug|Any CPU.ActiveCfg = Debug|Any CPU
		{C8D6A178-0029-4515-B6C8-9073CE7C2439}.Debug|Any CPU.Build.0 = Debug|Any CPU
		{C8D6A178-0029-4515-B6C8-9073CE7C2439}.Release|Any CPU.ActiveCfg = Release|Any CPU
		{C8D6A178-0029-4515-B6C8-9073CE7C2439}.Release|Any CPU.Build.0 = Release|Any CPU
	EndGlobalSection
	GlobalSection(SolutionProperties) = preSolution
		HideSolutionNode = FALSE
	EndGlobalSection
	GlobalSection(NestedProjects) = preSolution
		{24865395-8D2A-4CFB-AD75-D4BB0DDFF310} = {695B425A-C903-45FC-A251-A72DDABCBE1F}
		{D7B5517E-1C02-41E0-A9A9-57D8E7347264} = {BC430B21-341B-4A2F-954A-65E927B5CCDF}
		{61765402-573B-4468-A644-7D3BD90BF453} = {1DA5EA29-2A76-4663-916A-511884213110}
		{01F9F247-3250-4FAB-914A-15BCE9950290} = {DA81F4C9-103F-4A4F-A898-20DF70235B3B}
		{FBFAF81A-BA7D-4A17-A059-C7439D597739} = {3CE066D6-5F6D-4F81-B984-E07280FF59D8}
		{BC430B21-341B-4A2F-954A-65E927B5CCDF} = {695B425A-C903-45FC-A251-A72DDABCBE1F}
		{3CE066D6-5F6D-4F81-B984-E07280FF59D8} = {DA81F4C9-103F-4A4F-A898-20DF70235B3B}
		{7C6B2ACE-17A7-4397-8DEB-5EF370F80889} = {DA81F4C9-103F-4A4F-A898-20DF70235B3B}
		{E249BF77-7AA9-400B-A8E0-8BE20A6836F0} = {3CE066D6-5F6D-4F81-B984-E07280FF59D8}
		{5671AAB6-D100-4A2F-88B7-22A93D25C0EB} = {DA81F4C9-103F-4A4F-A898-20DF70235B3B}
		{45B33EFB-7E55-4CBE-9C35-8157310C9A06} = {3CE066D6-5F6D-4F81-B984-E07280FF59D8}
		{D22240EA-5B09-49B0-A55D-1189D0022A7C} = {E360FBAB-527A-47F3-BEFB-ACC28AF9AD4C}
		{896A7E26-709C-466C-A063-71355E2E25BE} = {D22240EA-5B09-49B0-A55D-1189D0022A7C}
		{A16362F9-7273-452B-9EC2-6BBEA71DE039} = {E360FBAB-527A-47F3-BEFB-ACC28AF9AD4C}
		{492A79E6-0E6C-4877-A143-CE77FA9CE7AD} = {DA81F4C9-103F-4A4F-A898-20DF70235B3B}
		{077FD92A-AF4E-43D1-A99F-B607173F0AAD} = {DA81F4C9-103F-4A4F-A898-20DF70235B3B}
		{9FF8031F-7A6E-4DF0-81D9-CFA5FC0E2EE5} = {DA81F4C9-103F-4A4F-A898-20DF70235B3B}
		{CD5DA86F-D6F9-4439-AD57-945C7598982B} = {DA81F4C9-103F-4A4F-A898-20DF70235B3B}
		{3872D4D0-30BC-4946-BCC5-4D2965D7516B} = {6B04B3DD-0EE6-4277-97F6-B701F6E200E8}
		{C8D6A178-0029-4515-B6C8-9073CE7C2439} = {6B04B3DD-0EE6-4277-97F6-B701F6E200E8}
	EndGlobalSection
	GlobalSection(ExtensibilityGlobals) = postSolution
		SolutionGuid = {63EFCA1D-9D5F-4CD1-B2EB-A6176645E598}
	EndGlobalSection
EndGlobal
